// !$*UTF8*$!
{
	archiveVersion = 1;
	classes = {
	};
	objectVersion = 56;
	objects = {

/* Begin PBXBuildFile section */
		C93395D52AD401BE0035C209 /* AppDelegate.swift in Sources */ = {isa = PBXBuildFile; fileRef = C93395D42AD401BE0035C209 /* AppDelegate.swift */; };
		C93395D72AD401BE0035C209 /* SceneDelegate.swift in Sources */ = {isa = PBXBuildFile; fileRef = C93395D62AD401BE0035C209 /* SceneDelegate.swift */; };
		C93395D92AD401BE0035C209 /* ViewController.swift in Sources */ = {isa = PBXBuildFile; fileRef = C93395D82AD401BE0035C209 /* ViewController.swift */; };
		C93395DC2AD401BE0035C209 /* Main.storyboard in Resources */ = {isa = PBXBuildFile; fileRef = C93395DA2AD401BE0035C209 /* Main.storyboard */; };
		C93395DE2AD401BF0035C209 /* Assets.xcassets in Resources */ = {isa = PBXBuildFile; fileRef = C93395DD2AD401BF0035C209 /* Assets.xcassets */; };
		C93395E12AD401BF0035C209 /* LaunchScreen.storyboard in Resources */ = {isa = PBXBuildFile; fileRef = C93395DF2AD401BF0035C209 /* LaunchScreen.storyboard */; };
		C93395EA2AD401E70035C209 /* AudioKit in Frameworks */ = {isa = PBXBuildFile; productRef = C93395E92AD401E70035C209 /* AudioKit */; };
		C93395EC2AD401FE0035C209 /* Conductor.swift in Sources */ = {isa = PBXBuildFile; fileRef = C93395EB2AD401FE0035C209 /* Conductor.swift */; };
		C93395EE2AD402D40035C209 /* FrameRecorderRawTap.swift in Sources */ = {isa = PBXBuildFile; fileRef = C93395ED2AD402D40035C209 /* FrameRecorderRawTap.swift */; };
/* End PBXBuildFile section */

/* Begin PBXFileReference section */
		C93395D12AD401BE0035C209 /* TapFrameLengthBugDemo.app */ = {isa = PBXFileReference; explicitFileType = wrapper.application; includeInIndex = 0; path = TapFrameLengthBugDemo.app; sourceTree = BUILT_PRODUCTS_DIR; };
		C93395D42AD401BE0035C209 /* AppDelegate.swift */ = {isa = PBXFileReference; lastKnownFileType = sourcecode.swift; path = AppDelegate.swift; sourceTree = "<group>"; };
		C93395D62AD401BE0035C209 /* SceneDelegate.swift */ = {isa = PBXFileReference; lastKnownFileType = sourcecode.swift; path = SceneDelegate.swift; sourceTree = "<group>"; };
		C93395D82AD401BE0035C209 /* ViewController.swift */ = {isa = PBXFileReference; lastKnownFileType = sourcecode.swift; path = ViewController.swift; sourceTree = "<group>"; };
		C93395DB2AD401BE0035C209 /* Base */ = {isa = PBXFileReference; lastKnownFileType = file.storyboard; name = Base; path = Base.lproj/Main.storyboard; sourceTree = "<group>"; };
		C93395DD2AD401BF0035C209 /* Assets.xcassets */ = {isa = PBXFileReference; lastKnownFileType = folder.assetcatalog; path = Assets.xcassets; sourceTree = "<group>"; };
		C93395E02AD401BF0035C209 /* Base */ = {isa = PBXFileReference; lastKnownFileType = file.storyboard; name = Base; path = Base.lproj/LaunchScreen.storyboard; sourceTree = "<group>"; };
		C93395E22AD401BF0035C209 /* Info.plist */ = {isa = PBXFileReference; lastKnownFileType = text.plist.xml; path = Info.plist; sourceTree = "<group>"; };
		C93395EB2AD401FE0035C209 /* Conductor.swift */ = {isa = PBXFileReference; lastKnownFileType = sourcecode.swift; path = Conductor.swift; sourceTree = "<group>"; };
		C93395ED2AD402D40035C209 /* FrameRecorderRawTap.swift */ = {isa = PBXFileReference; lastKnownFileType = sourcecode.swift; path = FrameRecorderRawTap.swift; sourceTree = "<group>"; };
/* End PBXFileReference section */

/* Begin PBXFrameworksBuildPhase section */
		C93395CE2AD401BE0035C209 /* Frameworks */ = {
			isa = PBXFrameworksBuildPhase;
			buildActionMask = 2147483647;
			files = (
				C93395EA2AD401E70035C209 /* AudioKit in Frameworks */,
			);
			runOnlyForDeploymentPostprocessing = 0;
		};
/* End PBXFrameworksBuildPhase section */

/* Begin PBXGroup section */
		C93395C82AD401BE0035C209 = {
			isa = PBXGroup;
			children = (
				C93395D32AD401BE0035C209 /* TapFrameLengthBugDemo */,
				C93395D22AD401BE0035C209 /* Products */,
			);
			sourceTree = "<group>";
		};
		C93395D22AD401BE0035C209 /* Products */ = {
			isa = PBXGroup;
			children = (
				C93395D12AD401BE0035C209 /* TapFrameLengthBugDemo.app */,
			);
			name = Products;
			sourceTree = "<group>";
		};
		C93395D32AD401BE0035C209 /* TapFrameLengthBugDemo */ = {
			isa = PBXGroup;
			children = (
				C93395D42AD401BE0035C209 /* AppDelegate.swift */,
				C93395ED2AD402D40035C209 /* FrameRecorderRawTap.swift */,
				C93395EB2AD401FE0035C209 /* Conductor.swift */,
				C93395D62AD401BE0035C209 /* SceneDelegate.swift */,
				C93395D82AD401BE0035C209 /* ViewController.swift */,
				C93395DA2AD401BE0035C209 /* Main.storyboard */,
				C93395DD2AD401BF0035C209 /* Assets.xcassets */,
				C93395DF2AD401BF0035C209 /* LaunchScreen.storyboard */,
				C93395E22AD401BF0035C209 /* Info.plist */,
			);
			path = TapFrameLengthBugDemo;
			sourceTree = "<group>";
		};
/* End PBXGroup section */

/* Begin PBXNativeTarget section */
		C93395D02AD401BE0035C209 /* TapFrameLengthBugDemo */ = {
			isa = PBXNativeTarget;
			buildConfigurationList = C93395E52AD401BF0035C209 /* Build configuration list for PBXNativeTarget "TapFrameLengthBugDemo" */;
			buildPhases = (
				C93395CD2AD401BE0035C209 /* Sources */,
				C93395CE2AD401BE0035C209 /* Frameworks */,
				C93395CF2AD401BE0035C209 /* Resources */,
			);
			buildRules = (
			);
			dependencies = (
			);
			name = TapFrameLengthBugDemo;
			packageProductDependencies = (
				C93395E92AD401E70035C209 /* AudioKit */,
			);
			productName = TapFrameLengthBugDemo;
			productReference = C93395D12AD401BE0035C209 /* TapFrameLengthBugDemo.app */;
			productType = "com.apple.product-type.application";
		};
/* End PBXNativeTarget section */

/* Begin PBXProject section */
		C93395C92AD401BE0035C209 /* Project object */ = {
			isa = PBXProject;
			attributes = {
				BuildIndependentTargetsInParallel = 1;
				LastSwiftUpdateCheck = 1500;
				LastUpgradeCheck = 1500;
				TargetAttributes = {
					C93395D02AD401BE0035C209 = {
						CreatedOnToolsVersion = 15.0;
					};
				};
			};
			buildConfigurationList = C93395CC2AD401BE0035C209 /* Build configuration list for PBXProject "TapFrameLengthBugDemo" */;
			compatibilityVersion = "Xcode 14.0";
			developmentRegion = en;
			hasScannedForEncodings = 0;
			knownRegions = (
				en,
				Base,
			);
			mainGroup = C93395C82AD401BE0035C209;
			packageReferences = (
				C93395E82AD401E70035C209 /* XCRemoteSwiftPackageReference "AudioKit" */,
			);
			productRefGroup = C93395D22AD401BE0035C209 /* Products */;
			projectDirPath = "";
			projectRoot = "";
			targets = (
				C93395D02AD401BE0035C209 /* TapFrameLengthBugDemo */,
			);
		};
/* End PBXProject section */

/* Begin PBXResourcesBuildPhase section */
		C93395CF2AD401BE0035C209 /* Resources */ = {
			isa = PBXResourcesBuildPhase;
			buildActionMask = 2147483647;
			files = (
				C93395E12AD401BF0035C209 /* LaunchScreen.storyboard in Resources */,
				C93395DE2AD401BF0035C209 /* Assets.xcassets in Resources */,
				C93395DC2AD401BE0035C209 /* Main.storyboard in Resources */,
			);
			runOnlyForDeploymentPostprocessing = 0;
		};
/* End PBXResourcesBuildPhase section */

/* Begin PBXSourcesBuildPhase section */
		C93395CD2AD401BE0035C209 /* Sources */ = {
			isa = PBXSourcesBuildPhase;
			buildActionMask = 2147483647;
			files = (
				C93395EE2AD402D40035C209 /* FrameRecorderRawTap.swift in Sources */,
				C93395D92AD401BE0035C209 /* ViewController.swift in Sources */,
				C93395D52AD401BE0035C209 /* AppDelegate.swift in Sources */,
				C93395D72AD401BE0035C209 /* SceneDelegate.swift in Sources */,
				C93395EC2AD401FE0035C209 /* Conductor.swift in Sources */,
			);
			runOnlyForDeploymentPostprocessing = 0;
		};
/* End PBXSourcesBuildPhase section */

/* Begin PBXVariantGroup section */
		C93395DA2AD401BE0035C209 /* Main.storyboard */ = {
			isa = PBXVariantGroup;
			children = (
				C93395DB2AD401BE0035C209 /* Base */,
			);
			name = Main.storyboard;
			sourceTree = "<group>";
		};
		C93395DF2AD401BF0035C209 /* LaunchScreen.storyboard */ = {
			isa = PBXVariantGroup;
			children = (
				C93395E02AD401BF0035C209 /* Base */,
			);
			name = LaunchScreen.storyboard;
			sourceTree = "<group>";
		};
/* End PBXVariantGroup section */

/* Begin XCBuildConfiguration section */
		C93395E32AD401BF0035C209 /* Debug */ = {
			isa = XCBuildConfiguration;
			buildSettings = {
				ALWAYS_SEARCH_USER_PATHS = NO;
				ASSETCATALOG_COMPILER_GENERATE_SWIFT_ASSET_SYMBOL_EXTENSIONS = YES;
				CLANG_ANALYZER_NONNULL = YES;
				CLANG_ANALYZER_NUMBER_OBJECT_CONVERSION = YES_AGGRESSIVE;
				CLANG_CXX_LANGUAGE_STANDARD = "gnu++20";
				CLANG_ENABLE_MODULES = YES;
				CLANG_ENABLE_OBJC_ARC = YES;
				CLANG_ENABLE_OBJC_WEAK = YES;
				CLANG_WARN_BLOCK_CAPTURE_AUTORELEASING = YES;
				CLANG_WARN_BOOL_CONVERSION = YES;
				CLANG_WARN_COMMA = YES;
				CLANG_WARN_CONSTANT_CONVERSION = YES;
				CLANG_WARN_DEPRECATED_OBJC_IMPLEMENTATIONS = YES;
				CLANG_WARN_DIRECT_OBJC_ISA_USAGE = YES_ERROR;
				CLANG_WARN_DOCUMENTATION_COMMENTS = YES;
				CLANG_WARN_EMPTY_BODY = YES;
				CLANG_WARN_ENUM_CONVERSION = YES;
				CLANG_WARN_INFINITE_RECURSION = YES;
				CLANG_WARN_INT_CONVERSION = YES;
				CLANG_WARN_NON_LITERAL_NULL_CONVERSION = YES;
				CLANG_WARN_OBJC_IMPLICIT_RETAIN_SELF = YES;
				CLANG_WARN_OBJC_LITERAL_CONVERSION = YES;
				CLANG_WARN_OBJC_ROOT_CLASS = YES_ERROR;
				CLANG_WARN_QUOTED_INCLUDE_IN_FRAMEWORK_HEADER = YES;
				CLANG_WARN_RANGE_LOOP_ANALYSIS = YES;
				CLANG_WARN_STRICT_PROTOTYPES = YES;
				CLANG_WARN_SUSPICIOUS_MOVE = YES;
				CLANG_WARN_UNGUARDED_AVAILABILITY = YES_AGGRESSIVE;
				CLANG_WARN_UNREACHABLE_CODE = YES;
				CLANG_WARN__DUPLICATE_METHOD_MATCH = YES;
				COPY_PHASE_STRIP = NO;
				DEBUG_INFORMATION_FORMAT = dwarf;
				ENABLE_STRICT_OBJC_MSGSEND = YES;
				ENABLE_TESTABILITY = YES;
				ENABLE_USER_SCRIPT_SANDBOXING = YES;
				GCC_C_LANGUAGE_STANDARD = gnu17;
				GCC_DYNAMIC_NO_PIC = NO;
				GCC_NO_COMMON_BLOCKS = YES;
				GCC_OPTIMIZATION_LEVEL = 0;
				GCC_PREPROCESSOR_DEFINITIONS = (
					"DEBUG=1",
					"$(inherited)",
				);
				GCC_WARN_64_TO_32_BIT_CONVERSION = YES;
				GCC_WARN_ABOUT_RETURN_TYPE = YES_ERROR;
				GCC_WARN_UNDECLARED_SELECTOR = YES;
				GCC_WARN_UNINITIALIZED_AUTOS = YES_AGGRESSIVE;
				GCC_WARN_UNUSED_FUNCTION = YES;
				GCC_WARN_UNUSED_VARIABLE = YES;
				IPHONEOS_DEPLOYMENT_TARGET = 17.0;
				LOCALIZATION_PREFERS_STRING_CATALOGS = YES;
				MTL_ENABLE_DEBUG_INFO = INCLUDE_SOURCE;
				MTL_FAST_MATH = YES;
				ONLY_ACTIVE_ARCH = YES;
				SDKROOT = iphoneos;
				SWIFT_ACTIVE_COMPILATION_CONDITIONS = "DEBUG $(inherited)";
				SWIFT_OPTIMIZATION_LEVEL = "-Onone";
			};
			name = Debug;
		};
		C93395E42AD401BF0035C209 /* Release */ = {
			isa = XCBuildConfiguration;
			buildSettings = {
				ALWAYS_SEARCH_USER_PATHS = NO;
				ASSETCATALOG_COMPILER_GENERATE_SWIFT_ASSET_SYMBOL_EXTENSIONS = YES;
				CLANG_ANALYZER_NONNULL = YES;
				CLANG_ANALYZER_NUMBER_OBJECT_CONVERSION = YES_AGGRESSIVE;
				CLANG_CXX_LANGUAGE_STANDARD = "gnu++20";
				CLANG_ENABLE_MODULES = YES;
				CLANG_ENABLE_OBJC_ARC = YES;
				CLANG_ENABLE_OBJC_WEAK = YES;
				CLANG_WARN_BLOCK_CAPTURE_AUTORELEASING = YES;
				CLANG_WARN_BOOL_CONVERSION = YES;
				CLANG_WARN_COMMA = YES;
				CLANG_WARN_CONSTANT_CONVERSION = YES;
				CLANG_WARN_DEPRECATED_OBJC_IMPLEMENTATIONS = YES;
				CLANG_WARN_DIRECT_OBJC_ISA_USAGE = YES_ERROR;
				CLANG_WARN_DOCUMENTATION_COMMENTS = YES;
				CLANG_WARN_EMPTY_BODY = YES;
				CLANG_WARN_ENUM_CONVERSION = YES;
				CLANG_WARN_INFINITE_RECURSION = YES;
				CLANG_WARN_INT_CONVERSION = YES;
				CLANG_WARN_NON_LITERAL_NULL_CONVERSION = YES;
				CLANG_WARN_OBJC_IMPLICIT_RETAIN_SELF = YES;
				CLANG_WARN_OBJC_LITERAL_CONVERSION = YES;
				CLANG_WARN_OBJC_ROOT_CLASS = YES_ERROR;
				CLANG_WARN_QUOTED_INCLUDE_IN_FRAMEWORK_HEADER = YES;
				CLANG_WARN_RANGE_LOOP_ANALYSIS = YES;
				CLANG_WARN_STRICT_PROTOTYPES = YES;
				CLANG_WARN_SUSPICIOUS_MOVE = YES;
				CLANG_WARN_UNGUARDED_AVAILABILITY = YES_AGGRESSIVE;
				CLANG_WARN_UNREACHABLE_CODE = YES;
				CLANG_WARN__DUPLICATE_METHOD_MATCH = YES;
				COPY_PHASE_STRIP = NO;
				DEBUG_INFORMATION_FORMAT = "dwarf-with-dsym";
				ENABLE_NS_ASSERTIONS = NO;
				ENABLE_STRICT_OBJC_MSGSEND = YES;
				ENABLE_USER_SCRIPT_SANDBOXING = YES;
				GCC_C_LANGUAGE_STANDARD = gnu17;
				GCC_NO_COMMON_BLOCKS = YES;
				GCC_WARN_64_TO_32_BIT_CONVERSION = YES;
				GCC_WARN_ABOUT_RETURN_TYPE = YES_ERROR;
				GCC_WARN_UNDECLARED_SELECTOR = YES;
				GCC_WARN_UNINITIALIZED_AUTOS = YES_AGGRESSIVE;
				GCC_WARN_UNUSED_FUNCTION = YES;
				GCC_WARN_UNUSED_VARIABLE = YES;
				IPHONEOS_DEPLOYMENT_TARGET = 17.0;
				LOCALIZATION_PREFERS_STRING_CATALOGS = YES;
				MTL_ENABLE_DEBUG_INFO = NO;
				MTL_FAST_MATH = YES;
				SDKROOT = iphoneos;
				SWIFT_COMPILATION_MODE = wholemodule;
				VALIDATE_PRODUCT = YES;
			};
			name = Release;
		};
		C93395E62AD401BF0035C209 /* Debug */ = {
			isa = XCBuildConfiguration;
			buildSettings = {
				ASSETCATALOG_COMPILER_APPICON_NAME = AppIcon;
				ASSETCATALOG_COMPILER_GLOBAL_ACCENT_COLOR_NAME = AccentColor;
				CODE_SIGN_STYLE = Automatic;
				CURRENT_PROJECT_VERSION = 1;
				DEVELOPMENT_TEAM = DJMT37HP7H;
				GENERATE_INFOPLIST_FILE = YES;
				INFOPLIST_FILE = TapFrameLengthBugDemo/Info.plist;
				INFOPLIST_KEY_NSMicrophoneUsageDescription = "Microphone access required to record audio ";
				INFOPLIST_KEY_UIApplicationSupportsIndirectInputEvents = YES;
				INFOPLIST_KEY_UILaunchStoryboardName = LaunchScreen;
				INFOPLIST_KEY_UIMainStoryboardFile = Main;
				INFOPLIST_KEY_UISupportedInterfaceOrientations_iPad = "UIInterfaceOrientationPortrait UIInterfaceOrientationPortraitUpsideDown UIInterfaceOrientationLandscapeLeft UIInterfaceOrientationLandscapeRight";
				INFOPLIST_KEY_UISupportedInterfaceOrientations_iPhone = "UIInterfaceOrientationPortrait UIInterfaceOrientationLandscapeLeft UIInterfaceOrientationLandscapeRight";
				IPHONEOS_DEPLOYMENT_TARGET = 13.0;
				LD_RUNPATH_SEARCH_PATHS = (
					"$(inherited)",
					"@executable_path/Frameworks",
				);
				MARKETING_VERSION = 1.0;
				PRODUCT_BUNDLE_IDENTIFIER = co.beatbalance.TapFrameLengthBugDemo;
				PRODUCT_NAME = "$(TARGET_NAME)";
				SWIFT_EMIT_LOC_STRINGS = YES;
				SWIFT_VERSION = 5.0;
				TARGETED_DEVICE_FAMILY = "1,2";
			};
			name = Debug;
		};
		C93395E72AD401BF0035C209 /* Release */ = {
			isa = XCBuildConfiguration;
			buildSettings = {
				ASSETCATALOG_COMPILER_APPICON_NAME = AppIcon;
				ASSETCATALOG_COMPILER_GLOBAL_ACCENT_COLOR_NAME = AccentColor;
				CODE_SIGN_STYLE = Automatic;
				CURRENT_PROJECT_VERSION = 1;
				DEVELOPMENT_TEAM = DJMT37HP7H;
				GENERATE_INFOPLIST_FILE = YES;
				INFOPLIST_FILE = TapFrameLengthBugDemo/Info.plist;
				INFOPLIST_KEY_NSMicrophoneUsageDescription = "Microphone access required to record audio ";
				INFOPLIST_KEY_UIApplicationSupportsIndirectInputEvents = YES;
				INFOPLIST_KEY_UILaunchStoryboardName = LaunchScreen;
				INFOPLIST_KEY_UIMainStoryboardFile = Main;
				INFOPLIST_KEY_UISupportedInterfaceOrientations_iPad = "UIInterfaceOrientationPortrait UIInterfaceOrientationPortraitUpsideDown UIInterfaceOrientationLandscapeLeft UIInterfaceOrientationLandscapeRight";
				INFOPLIST_KEY_UISupportedInterfaceOrientations_iPhone = "UIInterfaceOrientationPortrait UIInterfaceOrientationLandscapeLeft UIInterfaceOrientationLandscapeRight";
				IPHONEOS_DEPLOYMENT_TARGET = 13.0;
				LD_RUNPATH_SEARCH_PATHS = (
					"$(inherited)",
					"@executable_path/Frameworks",
				);
				MARKETING_VERSION = 1.0;
				PRODUCT_BUNDLE_IDENTIFIER = co.beatbalance.TapFrameLengthBugDemo;
				PRODUCT_NAME = "$(TARGET_NAME)";
				SWIFT_EMIT_LOC_STRINGS = YES;
				SWIFT_VERSION = 5.0;
				TARGETED_DEVICE_FAMILY = "1,2";
			};
			name = Release;
		};
/* End XCBuildConfiguration section */

/* Begin XCConfigurationList section */
		C93395CC2AD401BE0035C209 /* Build configuration list for PBXProject "TapFrameLengthBugDemo" */ = {
			isa = XCConfigurationList;
			buildConfigurations = (
				C93395E32AD401BF0035C209 /* Debug */,
				C93395E42AD401BF0035C209 /* Release */,
			);
			defaultConfigurationIsVisible = 0;
			defaultConfigurationName = Release;
		};
		C93395E52AD401BF0035C209 /* Build configuration list for PBXNativeTarget "TapFrameLengthBugDemo" */ = {
			isa = XCConfigurationList;
			buildConfigurations = (
				C93395E62AD401BF0035C209 /* Debug */,
				C93395E72AD401BF0035C209 /* Release */,
			);
			defaultConfigurationIsVisible = 0;
			defaultConfigurationName = Release;
		};
/* End XCConfigurationList section */

/* Begin XCRemoteSwiftPackageReference section */
		C93395E82AD401E70035C209 /* XCRemoteSwiftPackageReference "AudioKit" */ = {
			isa = XCRemoteSwiftPackageReference;
			repositoryURL = "https://github.com/AudioKit/AudioKit/";
			requirement = {
				kind = upToNextMajorVersion;
				minimumVersion = 5.6.1;
			};
		};
/* End XCRemoteSwiftPackageReference section */

/* Begin XCSwiftPackageProductDependency section */
		C93395E92AD401E70035C209 /* AudioKit */ = {
			isa = XCSwiftPackageProductDependency;
			package = C93395E82AD401E70035C209 /* XCRemoteSwiftPackageReference "AudioKit" */;
			productName = AudioKit;
		};
/* End XCSwiftPackageProductDependency section */
	};
	rootObject = C93395C92AD401BE0035C209 /* Project object */;
}
